// !$*UTF8*$!
{
	archiveVersion = 1;
	classes = {
	};
	objectVersion = 56;
	objects = {

/* Begin PBXBuildFile section */
		C341DAE72B98019000B6E029 /* SwiftUITutorialApp.swift in Sources */ = {isa = PBXBuildFile; fileRef = C341DAE62B98019000B6E029 /* SwiftUITutorialApp.swift */; };
		C341DAE92B98019000B6E029 /* ContentView.swift in Sources */ = {isa = PBXBuildFile; fileRef = C341DAE82B98019000B6E029 /* ContentView.swift */; };
		C341DAEB2B98019000B6E029 /* Assets.xcassets in Resources */ = {isa = PBXBuildFile; fileRef = C341DAEA2B98019000B6E029 /* Assets.xcassets */; };
		C341DAEE2B98019000B6E029 /* Preview Assets.xcassets in Resources */ = {isa = PBXBuildFile; fileRef = C341DAED2B98019000B6E029 /* Preview Assets.xcassets */; };
		C341DAF82B98019100B6E029 /* SwiftUITutorialTests.swift in Sources */ = {isa = PBXBuildFile; fileRef = C341DAF72B98019100B6E029 /* SwiftUITutorialTests.swift */; };
		C341DB022B98019100B6E029 /* SwiftUITutorialUITests.swift in Sources */ = {isa = PBXBuildFile; fileRef = C341DB012B98019100B6E029 /* SwiftUITutorialUITests.swift */; };
		C341DB042B98019100B6E029 /* SwiftUITutorialUITestsLaunchTests.swift in Sources */ = {isa = PBXBuildFile; fileRef = C341DB032B98019100B6E029 /* SwiftUITutorialUITestsLaunchTests.swift */; };
/* End PBXBuildFile section */

/* Begin PBXContainerItemProxy section */
		C341DAF42B98019100B6E029 /* PBXContainerItemProxy */ = {
			isa = PBXContainerItemProxy;
			containerPortal = C341DADB2B98019000B6E029 /* Project object */;
			proxyType = 1;
			remoteGlobalIDString = C341DAE22B98019000B6E029;
			remoteInfo = SwiftUITutorial;
		};
		C341DAFE2B98019100B6E029 /* PBXContainerItemProxy */ = {
			isa = PBXContainerItemProxy;
			containerPortal = C341DADB2B98019000B6E029 /* Project object */;
			proxyType = 1;
			remoteGlobalIDString = C341DAE22B98019000B6E029;
			remoteInfo = SwiftUITutorial;
		};
/* End PBXContainerItemProxy section */

/* Begin PBXFileReference section */
		C341DAE32B98019000B6E029 /* SwiftUITutorial.app */ = {isa = PBXFileReference; explicitFileType = wrapper.application; includeInIndex = 0; path = SwiftUITutorial.app; sourceTree = BUILT_PRODUCTS_DIR; };
		C341DAE62B98019000B6E029 /* SwiftUITutorialApp.swift */ = {isa = PBXFileReference; lastKnownFileType = sourcecode.swift; path = SwiftUITutorialApp.swift; sourceTree = "<group>"; };
		C341DAE82B98019000B6E029 /* ContentView.swift */ = {isa = PBXFileReference; lastKnownFileType = sourcecode.swift; path = ContentView.swift; sourceTree = "<group>"; };
		C341DAEA2B98019000B6E029 /* Assets.xcassets */ = {isa = PBXFileReference; lastKnownFileType = folder.assetcatalog; path = Assets.xcassets; sourceTree = "<group>"; };
		C341DAED2B98019000B6E029 /* Preview Assets.xcassets */ = {isa = PBXFileReference; lastKnownFileType = folder.assetcatalog; path = "Preview Assets.xcassets"; sourceTree = "<group>"; };
		C341DAF32B98019100B6E029 /* SwiftUITutorialTests.xctest */ = {isa = PBXFileReference; explicitFileType = wrapper.cfbundle; includeInIndex = 0; path = SwiftUITutorialTests.xctest; sourceTree = BUILT_PRODUCTS_DIR; };
		C341DAF72B98019100B6E029 /* SwiftUITutorialTests.swift */ = {isa = PBXFileReference; lastKnownFileType = sourcecode.swift; path = SwiftUITutorialTests.swift; sourceTree = "<group>"; };
		C341DAFD2B98019100B6E029 /* SwiftUITutorialUITests.xctest */ = {isa = PBXFileReference; explicitFileType = wrapper.cfbundle; includeInIndex = 0; path = SwiftUITutorialUITests.xctest; sourceTree = BUILT_PRODUCTS_DIR; };
		C341DB012B98019100B6E029 /* SwiftUITutorialUITests.swift */ = {isa = PBXFileReference; lastKnownFileType = sourcecode.swift; path = SwiftUITutorialUITests.swift; sourceTree = "<group>"; };
		C341DB032B98019100B6E029 /* SwiftUITutorialUITestsLaunchTests.swift */ = {isa = PBXFileReference; lastKnownFileType = sourcecode.swift; path = SwiftUITutorialUITestsLaunchTests.swift; sourceTree = "<group>"; };
/* End PBXFileReference section */

/* Begin PBXFrameworksBuildPhase section */
		C341DAE02B98019000B6E029 /* Frameworks */ = {
			isa = PBXFrameworksBuildPhase;
			buildActionMask = 2147483647;
			files = (
			);
			runOnlyForDeploymentPostprocessing = 0;
		};
		C341DAF02B98019100B6E029 /* Frameworks */ = {
			isa = PBXFrameworksBuildPhase;
			buildActionMask = 2147483647;
			files = (
			);
			runOnlyForDeploymentPostprocessing = 0;
		};
		C341DAFA2B98019100B6E029 /* Frameworks */ = {
			isa = PBXFrameworksBuildPhase;
			buildActionMask = 2147483647;
			files = (
			);
			runOnlyForDeploymentPostprocessing = 0;
		};
/* End PBXFrameworksBuildPhase section */

/* Begin PBXGroup section */
		C341DADA2B98019000B6E029 = {
			isa = PBXGroup;
			children = (
				C341DAE52B98019000B6E029 /* SwiftUITutorial */,
				C341DAF62B98019100B6E029 /* SwiftUITutorialTests */,
				C341DB002B98019100B6E029 /* SwiftUITutorialUITests */,
				C341DAE42B98019000B6E029 /* Products */,
			);
			sourceTree = "<group>";
		};
		C341DAE42B98019000B6E029 /* Products */ = {
			isa = PBXGroup;
			children = (
				C341DAE32B98019000B6E029 /* SwiftUITutorial.app */,
				C341DAF32B98019100B6E029 /* SwiftUITutorialTests.xctest */,
				C341DAFD2B98019100B6E029 /* SwiftUITutorialUITests.xctest */,
			);
			name = Products;
			sourceTree = "<group>";
		};
		C341DAE52B98019000B6E029 /* SwiftUITutorial */ = {
			isa = PBXGroup;
			children = (
				C341DAE62B98019000B6E029 /* SwiftUITutorialApp.swift */,
				C341DAE82B98019000B6E029 /* ContentView.swift */,
				C341DAEA2B98019000B6E029 /* Assets.xcassets */,
				C341DAEC2B98019000B6E029 /* Preview Content */,
			);
			path = SwiftUITutorial;
			sourceTree = "<group>";
		};
		C341DAEC2B98019000B6E029 /* Preview Content */ = {
			isa = PBXGroup;
			children = (
				C341DAED2B98019000B6E029 /* Preview Assets.xcassets */,
			);
			path = "Preview Content";
			sourceTree = "<group>";
		};
		C341DAF62B98019100B6E029 /* SwiftUITutorialTests */ = {
			isa = PBXGroup;
			children = (
				C341DAF72B98019100B6E029 /* SwiftUITutorialTests.swift */,
			);
			path = SwiftUITutorialTests;
			sourceTree = "<group>";
		};
		C341DB002B98019100B6E029 /* SwiftUITutorialUITests */ = {
			isa = PBXGroup;
			children = (
				C341DB012B98019100B6E029 /* SwiftUITutorialUITests.swift */,
				C341DB032B98019100B6E029 /* SwiftUITutorialUITestsLaunchTests.swift */,
			);
			path = SwiftUITutorialUITests;
			sourceTree = "<group>";
		};
/* End PBXGroup section */

/* Begin PBXNativeTarget section */
		C341DAE22B98019000B6E029 /* SwiftUITutorial */ = {
			isa = PBXNativeTarget;
			buildConfigurationList = C341DB072B98019100B6E029 /* Build configuration list for PBXNativeTarget "SwiftUITutorial" */;
			buildPhases = (
				C341DADF2B98019000B6E029 /* Sources */,
				C341DAE02B98019000B6E029 /* Frameworks */,
				C341DAE12B98019000B6E029 /* Resources */,
			);
			buildRules = (
			);
			dependencies = (
			);
			name = SwiftUITutorial;
			productName = SwiftUITutorial;
			productReference = C341DAE32B98019000B6E029 /* SwiftUITutorial.app */;
			productType = "com.apple.product-type.application";
		};
		C341DAF22B98019100B6E029 /* SwiftUITutorialTests */ = {
			isa = PBXNativeTarget;
			buildConfigurationList = C341DB0A2B98019100B6E029 /* Build configuration list for PBXNativeTarget "SwiftUITutorialTests" */;
			buildPhases = (
				C341DAEF2B98019100B6E029 /* Sources */,
				C341DAF02B98019100B6E029 /* Frameworks */,
				C341DAF12B98019100B6E029 /* Resources */,
			);
			buildRules = (
			);
			dependencies = (
				C341DAF52B98019100B6E029 /* PBXTargetDependency */,
			);
			name = SwiftUITutorialTests;
			productName = SwiftUITutorialTests;
			productReference = C341DAF32B98019100B6E029 /* SwiftUITutorialTests.xctest */;
			productType = "com.apple.product-type.bundle.unit-test";
		};
		C341DAFC2B98019100B6E029 /* SwiftUITutorialUITests */ = {
			isa = PBXNativeTarget;
			buildConfigurationList = C341DB0D2B98019100B6E029 /* Build configuration list for PBXNativeTarget "SwiftUITutorialUITests" */;
			buildPhases = (
				C341DAF92B98019100B6E029 /* Sources */,
				C341DAFA2B98019100B6E029 /* Frameworks */,
				C341DAFB2B98019100B6E029 /* Resources */,
			);
			buildRules = (
			);
			dependencies = (
				C341DAFF2B98019100B6E029 /* PBXTargetDependency */,
			);
			name = SwiftUITutorialUITests;
			productName = SwiftUITutorialUITests;
			productReference = C341DAFD2B98019100B6E029 /* SwiftUITutorialUITests.xctest */;
			productType = "com.apple.product-type.bundle.ui-testing";
		};
/* End PBXNativeTarget section */

/* Begin PBXProject section */
		C341DADB2B98019000B6E029 /* Project object */ = {
			isa = PBXProject;
			attributes = {
				BuildIndependentTargetsInParallel = 1;
				LastSwiftUpdateCheck = 1520;
				LastUpgradeCheck = 1520;
				TargetAttributes = {
					C341DAE22B98019000B6E029 = {
						CreatedOnToolsVersion = 15.2;
					};
					C341DAF22B98019100B6E029 = {
						CreatedOnToolsVersion = 15.2;
						TestTargetID = C341DAE22B98019000B6E029;
					};
					C341DAFC2B98019100B6E029 = {
						CreatedOnToolsVersion = 15.2;
						TestTargetID = C341DAE22B98019000B6E029;
					};
				};
			};
			buildConfigurationList = C341DADE2B98019000B6E029 /* Build configuration list for PBXProject "SwiftUITutorial" */;
			compatibilityVersion = "Xcode 14.0";
			developmentRegion = en;
			hasScannedForEncodings = 0;
			knownRegions = (
				en,
				Base,
			);
			mainGroup = C341DADA2B98019000B6E029;
			productRefGroup = C341DAE42B98019000B6E029 /* Products */;
			projectDirPath = "";
			projectRoot = "";
			targets = (
				C341DAE22B98019000B6E029 /* SwiftUITutorial */,
				C341DAF22B98019100B6E029 /* SwiftUITutorialTests */,
				C341DAFC2B98019100B6E029 /* SwiftUITutorialUITests */,
			);
		};
/* End PBXProject section */

/* Begin PBXResourcesBuildPhase section */
		C341DAE12B98019000B6E029 /* Resources */ = {
			isa = PBXResourcesBuildPhase;
			buildActionMask = 2147483647;
			files = (
				C341DAEE2B98019000B6E029 /* Preview Assets.xcassets in Resources */,
				C341DAEB2B98019000B6E029 /* Assets.xcassets in Resources */,
			);
			runOnlyForDeploymentPostprocessing = 0;
		};
		C341DAF12B98019100B6E029 /* Resources */ = {
			isa = PBXResourcesBuildPhase;
			buildActionMask = 2147483647;
			files = (
			);
			runOnlyForDeploymentPostprocessing = 0;
		};
		C341DAFB2B98019100B6E029 /* Resources */ = {
			isa = PBXResourcesBuildPhase;
			buildActionMask = 2147483647;
			files = (
			);
			runOnlyForDeploymentPostprocessing = 0;
		};
/* End PBXResourcesBuildPhase section */

/* Begin PBXSourcesBuildPhase section */
		C341DADF2B98019000B6E029 /* Sources */ = {
			isa = PBXSourcesBuildPhase;
			buildActionMask = 2147483647;
			files = (
				C341DAE92B98019000B6E029 /* ContentView.swift in Sources */,
				C341DAE72B98019000B6E029 /* SwiftUITutorialApp.swift in Sources */,
			);
			runOnlyForDeploymentPostprocessing = 0;
		};
		C341DAEF2B98019100B6E029 /* Sources */ = {
			isa = PBXSourcesBuildPhase;
			buildActionMask = 2147483647;
			files = (
				C341DAF82B98019100B6E029 /* SwiftUITutorialTests.swift in Sources */,
			);
			runOnlyForDeploymentPostprocessing = 0;
		};
		C341DAF92B98019100B6E029 /* Sources */ = {
			isa = PBXSourcesBuildPhase;
			buildActionMask = 2147483647;
			files = (
				C341DB042B98019100B6E029 /* SwiftUITutorialUITestsLaunchTests.swift in Sources */,
				C341DB022B98019100B6E029 /* SwiftUITutorialUITests.swift in Sources */,
			);
			runOnlyForDeploymentPostprocessing = 0;
		};
/* End PBXSourcesBuildPhase section */

/* Begin PBXTargetDependency section */
		C341DAF52B98019100B6E029 /* PBXTargetDependency */ = {
			isa = PBXTargetDependency;
			target = C341DAE22B98019000B6E029 /* SwiftUITutorial */;
			targetProxy = C341DAF42B98019100B6E029 /* PBXContainerItemProxy */;
		};
		C341DAFF2B98019100B6E029 /* PBXTargetDependency */ = {
			isa = PBXTargetDependency;
			target = C341DAE22B98019000B6E029 /* SwiftUITutorial */;
			targetProxy = C341DAFE2B98019100B6E029 /* PBXContainerItemProxy */;
		};
/* End PBXTargetDependency section */

/* Begin XCBuildConfiguration section */
		C341DB052B98019100B6E029 /* Debug */ = {
			isa = XCBuildConfiguration;
			buildSettings = {
				ALWAYS_SEARCH_USER_PATHS = NO;
				ASSETCATALOG_COMPILER_GENERATE_SWIFT_ASSET_SYMBOL_EXTENSIONS = YES;
				CLANG_ANALYZER_NONNULL = YES;
				CLANG_ANALYZER_NUMBER_OBJECT_CONVERSION = YES_AGGRESSIVE;
				CLANG_CXX_LANGUAGE_STANDARD = "gnu++20";
				CLANG_ENABLE_MODULES = YES;
				CLANG_ENABLE_OBJC_ARC = YES;
				CLANG_ENABLE_OBJC_WEAK = YES;
				CLANG_WARN_BLOCK_CAPTURE_AUTORELEASING = YES;
				CLANG_WARN_BOOL_CONVERSION = YES;
				CLANG_WARN_COMMA = YES;
				CLANG_WARN_CONSTANT_CONVERSION = YES;
				CLANG_WARN_DEPRECATED_OBJC_IMPLEMENTATIONS = YES;
				CLANG_WARN_DIRECT_OBJC_ISA_USAGE = YES_ERROR;
				CLANG_WARN_DOCUMENTATION_COMMENTS = YES;
				CLANG_WARN_EMPTY_BODY = YES;
				CLANG_WARN_ENUM_CONVERSION = YES;
				CLANG_WARN_INFINITE_RECURSION = YES;
				CLANG_WARN_INT_CONVERSION = YES;
				CLANG_WARN_NON_LITERAL_NULL_CONVERSION = YES;
				CLANG_WARN_OBJC_IMPLICIT_RETAIN_SELF = YES;
				CLANG_WARN_OBJC_LITERAL_CONVERSION = YES;
				CLANG_WARN_OBJC_ROOT_CLASS = YES_ERROR;
				CLANG_WARN_QUOTED_INCLUDE_IN_FRAMEWORK_HEADER = YES;
				CLANG_WARN_RANGE_LOOP_ANALYSIS = YES;
				CLANG_WARN_STRICT_PROTOTYPES = YES;
				CLANG_WARN_SUSPICIOUS_MOVE = YES;
				CLANG_WARN_UNGUARDED_AVAILABILITY = YES_AGGRESSIVE;
				CLANG_WARN_UNREACHABLE_CODE = YES;
				CLANG_WARN__DUPLICATE_METHOD_MATCH = YES;
				COPY_PHASE_STRIP = NO;
				DEBUG_INFORMATION_FORMAT = dwarf;
				ENABLE_STRICT_OBJC_MSGSEND = YES;
				ENABLE_TESTABILITY = YES;
				ENABLE_USER_SCRIPT_SANDBOXING = YES;
				GCC_C_LANGUAGE_STANDARD = gnu17;
				GCC_DYNAMIC_NO_PIC = NO;
				GCC_NO_COMMON_BLOCKS = YES;
				GCC_OPTIMIZATION_LEVEL = 0;
				GCC_PREPROCESSOR_DEFINITIONS = (
					"DEBUG=1",
					"$(inherited)",
				);
				GCC_WARN_64_TO_32_BIT_CONVERSION = YES;
				GCC_WARN_ABOUT_RETURN_TYPE = YES_ERROR;
				GCC_WARN_UNDECLARED_SELECTOR = YES;
				GCC_WARN_UNINITIALIZED_AUTOS = YES_AGGRESSIVE;
				GCC_WARN_UNUSED_FUNCTION = YES;
				GCC_WARN_UNUSED_VARIABLE = YES;
				IPHONEOS_DEPLOYMENT_TARGET = 17.2;
				LOCALIZATION_PREFERS_STRING_CATALOGS = YES;
				MTL_ENABLE_DEBUG_INFO = INCLUDE_SOURCE;
				MTL_FAST_MATH = YES;
				ONLY_ACTIVE_ARCH = YES;
				SDKROOT = iphoneos;
				SWIFT_ACTIVE_COMPILATION_CONDITIONS = "DEBUG $(inherited)";
				SWIFT_OPTIMIZATION_LEVEL = "-Onone";
			};
			name = Debug;
		};
		C341DB062B98019100B6E029 /* Release */ = {
			isa = XCBuildConfiguration;
			buildSettings = {
				ALWAYS_SEARCH_USER_PATHS = NO;
				ASSETCATALOG_COMPILER_GENERATE_SWIFT_ASSET_SYMBOL_EXTENSIONS = YES;
				CLANG_ANALYZER_NONNULL = YES;
				CLANG_ANALYZER_NUMBER_OBJECT_CONVERSION = YES_AGGRESSIVE;
				CLANG_CXX_LANGUAGE_STANDARD = "gnu++20";
				CLANG_ENABLE_MODULES = YES;
				CLANG_ENABLE_OBJC_ARC = YES;
				CLANG_ENABLE_OBJC_WEAK = YES;
				CLANG_WARN_BLOCK_CAPTURE_AUTORELEASING = YES;
				CLANG_WARN_BOOL_CONVERSION = YES;
				CLANG_WARN_COMMA = YES;
				CLANG_WARN_CONSTANT_CONVERSION = YES;
				CLANG_WARN_DEPRECATED_OBJC_IMPLEMENTATIONS = YES;
				CLANG_WARN_DIRECT_OBJC_ISA_USAGE = YES_ERROR;
				CLANG_WARN_DOCUMENTATION_COMMENTS = YES;
				CLANG_WARN_EMPTY_BODY = YES;
				CLANG_WARN_ENUM_CONVERSION = YES;
				CLANG_WARN_INFINITE_RECURSION = YES;
				CLANG_WARN_INT_CONVERSION = YES;
				CLANG_WARN_NON_LITERAL_NULL_CONVERSION = YES;
				CLANG_WARN_OBJC_IMPLICIT_RETAIN_SELF = YES;
				CLANG_WARN_OBJC_LITERAL_CONVERSION = YES;
				CLANG_WARN_OBJC_ROOT_CLASS = YES_ERROR;
				CLANG_WARN_QUOTED_INCLUDE_IN_FRAMEWORK_HEADER = YES;
				CLANG_WARN_RANGE_LOOP_ANALYSIS = YES;
				CLANG_WARN_STRICT_PROTOTYPES = YES;
				CLANG_WARN_SUSPICIOUS_MOVE = YES;
				CLANG_WARN_UNGUARDED_AVAILABILITY = YES_AGGRESSIVE;
				CLANG_WARN_UNREACHABLE_CODE = YES;
				CLANG_WARN__DUPLICATE_METHOD_MATCH = YES;
				COPY_PHASE_STRIP = NO;
				DEBUG_INFORMATION_FORMAT = "dwarf-with-dsym";
				ENABLE_NS_ASSERTIONS = NO;
				ENABLE_STRICT_OBJC_MSGSEND = YES;
				ENABLE_USER_SCRIPT_SANDBOXING = YES;
				GCC_C_LANGUAGE_STANDARD = gnu17;
				GCC_NO_COMMON_BLOCKS = YES;
				GCC_WARN_64_TO_32_BIT_CONVERSION = YES;
				GCC_WARN_ABOUT_RETURN_TYPE = YES_ERROR;
				GCC_WARN_UNDECLARED_SELECTOR = YES;
				GCC_WARN_UNINITIALIZED_AUTOS = YES_AGGRESSIVE;
				GCC_WARN_UNUSED_FUNCTION = YES;
				GCC_WARN_UNUSED_VARIABLE = YES;
				IPHONEOS_DEPLOYMENT_TARGET = 17.2;
				LOCALIZATION_PREFERS_STRING_CATALOGS = YES;
				MTL_ENABLE_DEBUG_INFO = NO;
				MTL_FAST_MATH = YES;
				SDKROOT = iphoneos;
				SWIFT_COMPILATION_MODE = wholemodule;
				VALIDATE_PRODUCT = YES;
			};
			name = Release;
		};
		C341DB082B98019100B6E029 /* Debug */ = {
			isa = XCBuildConfiguration;
			buildSettings = {
				ASSETCATALOG_COMPILER_APPICON_NAME = AppIcon;
				ASSETCATALOG_COMPILER_GLOBAL_ACCENT_COLOR_NAME = AccentColor;
				CODE_SIGN_STYLE = Automatic;
				CURRENT_PROJECT_VERSION = 1;
				DEVELOPMENT_ASSET_PATHS = "\"SwiftUITutorial/Preview Content\"";
				DEVELOPMENT_TEAM = 42BPZX28NR;
				ENABLE_PREVIEWS = YES;
				GENERATE_INFOPLIST_FILE = YES;
				INFOPLIST_KEY_UIApplicationSceneManifest_Generation = YES;
				INFOPLIST_KEY_UIApplicationSupportsIndirectInputEvents = YES;
				INFOPLIST_KEY_UILaunchScreen_Generation = YES;
				INFOPLIST_KEY_UISupportedInterfaceOrientations_iPad = "UIInterfaceOrientationPortrait UIInterfaceOrientationPortraitUpsideDown UIInterfaceOrientationLandscapeLeft UIInterfaceOrientationLandscapeRight";
				INFOPLIST_KEY_UISupportedInterfaceOrientations_iPhone = "UIInterfaceOrientationPortrait UIInterfaceOrientationLandscapeLeft UIInterfaceOrientationLandscapeRight";
				LD_RUNPATH_SEARCH_PATHS = (
					"$(inherited)",
					"@executable_path/Frameworks",
				);
				MARKETING_VERSION = 1.0;
				PRODUCT_BUNDLE_IDENTIFIER = com.junichi.SwiftUITutorial;
				PRODUCT_NAME = "$(TARGET_NAME)";
				SWIFT_EMIT_LOC_STRINGS = YES;
				SWIFT_VERSION = 5.0;
				TARGETED_DEVICE_FAMILY = "1,2";
			};
			name = Debug;
		};
		C341DB092B98019100B6E029 /* Release */ = {
			isa = XCBuildConfiguration;
			buildSettings = {
				ASSETCATALOG_COMPILER_APPICON_NAME = AppIcon;
				ASSETCATALOG_COMPILER_GLOBAL_ACCENT_COLOR_NAME = AccentColor;
				CODE_SIGN_STYLE = Automatic;
				CURRENT_PROJECT_VERSION = 1;
				DEVELOPMENT_ASSET_PATHS = "\"SwiftUITutorial/Preview Content\"";
				DEVELOPMENT_TEAM = 42BPZX28NR;
				ENABLE_PREVIEWS = YES;
				GENERATE_INFOPLIST_FILE = YES;
				INFOPLIST_KEY_UIApplicationSceneManifest_Generation = YES;
				INFOPLIST_KEY_UIApplicationSupportsIndirectInputEvents = YES;
				INFOPLIST_KEY_UILaunchScreen_Generation = YES;
				INFOPLIST_KEY_UISupportedInterfaceOrientations_iPad = "UIInterfaceOrientationPortrait UIInterfaceOrientationPortraitUpsideDown UIInterfaceOrientationLandscapeLeft UIInterfaceOrientationLandscapeRight";
				INFOPLIST_KEY_UISupportedInterfaceOrientations_iPhone = "UIInterfaceOrientationPortrait UIInterfaceOrientationLandscapeLeft UIInterfaceOrientationLandscapeRight";
				LD_RUNPATH_SEARCH_PATHS = (
					"$(inherited)",
					"@executable_path/Frameworks",
				);
				MARKETING_VERSION = 1.0;
				PRODUCT_BUNDLE_IDENTIFIER = com.junichi.SwiftUITutorial;
				PRODUCT_NAME = "$(TARGET_NAME)";
				SWIFT_EMIT_LOC_STRINGS = YES;
				SWIFT_VERSION = 5.0;
				TARGETED_DEVICE_FAMILY = "1,2";
			};
			name = Release;
		};
		C341DB0B2B98019100B6E029 /* Debug */ = {
			isa = XCBuildConfiguration;
			buildSettings = {
				ALWAYS_EMBED_SWIFT_STANDARD_LIBRARIES = YES;
				BUNDLE_LOADER = "$(TEST_HOST)";
				CODE_SIGN_STYLE = Automatic;
				CURRENT_PROJECT_VERSION = 1;
				DEVELOPMENT_TEAM = 42BPZX28NR;
				GENERATE_INFOPLIST_FILE = YES;
				IPHONEOS_DEPLOYMENT_TARGET = 17.2;
				MARKETING_VERSION = 1.0;
				PRODUCT_BUNDLE_IDENTIFIER = com.junichi.SwiftUITutorialTests;
				PRODUCT_NAME = "$(TARGET_NAME)";
				SWIFT_EMIT_LOC_STRINGS = NO;
				SWIFT_VERSION = 5.0;
				TARGETED_DEVICE_FAMILY = "1,2";
				TEST_HOST = "$(BUILT_PRODUCTS_DIR)/SwiftUITutorial.app/$(BUNDLE_EXECUTABLE_FOLDER_PATH)/SwiftUITutorial";
			};
			name = Debug;
		};
		C341DB0C2B98019100B6E029 /* Release */ = {
			isa = XCBuildConfiguration;
			buildSettings = {
				ALWAYS_EMBED_SWIFT_STANDARD_LIBRARIES = YES;
				BUNDLE_LOADER = "$(TEST_HOST)";
				CODE_SIGN_STYLE = Automatic;
				CURRENT_PROJECT_VERSION = 1;
				DEVELOPMENT_TEAM = 42BPZX28NR;
				GENERATE_INFOPLIST_FILE = YES;
				IPHONEOS_DEPLOYMENT_TARGET = 17.2;
				MARKETING_VERSION = 1.0;
				PRODUCT_BUNDLE_IDENTIFIER = com.junichi.SwiftUITutorialTests;
				PRODUCT_NAME = "$(TARGET_NAME)";
				SWIFT_EMIT_LOC_STRINGS = NO;
				SWIFT_VERSION = 5.0;
				TARGETED_DEVICE_FAMILY = "1,2";
				TEST_HOST = "$(BUILT_PRODUCTS_DIR)/SwiftUITutorial.app/$(BUNDLE_EXECUTABLE_FOLDER_PATH)/SwiftUITutorial";
			};
			name = Release;
		};
		C341DB0E2B98019100B6E029 /* Debug */ = {
			isa = XCBuildConfiguration;
			buildSettings = {
				ALWAYS_EMBED_SWIFT_STANDARD_LIBRARIES = YES;
				CODE_SIGN_STYLE = Automatic;
				CURRENT_PROJECT_VERSION = 1;
				DEVELOPMENT_TEAM = 42BPZX28NR;
				GENERATE_INFOPLIST_FILE = YES;
				MARKETING_VERSION = 1.0;
				PRODUCT_BUNDLE_IDENTIFIER = com.junichi.SwiftUITutorialUITests;
				PRODUCT_NAME = "$(TARGET_NAME)";
				SWIFT_EMIT_LOC_STRINGS = NO;
				SWIFT_VERSION = 5.0;
				TARGETED_DEVICE_FAMILY = "1,2";
				TEST_TARGET_NAME = SwiftUITutorial;
			};
			name = Debug;
		};
		C341DB0F2B98019100B6E029 /* Release */ = {
			isa = XCBuildConfiguration;
			buildSettings = {
				ALWAYS_EMBED_SWIFT_STANDARD_LIBRARIES = YES;
				CODE_SIGN_STYLE = Automatic;
				CURRENT_PROJECT_VERSION = 1;
				DEVELOPMENT_TEAM = 42BPZX28NR;
				GENERATE_INFOPLIST_FILE = YES;
				MARKETING_VERSION = 1.0;
				PRODUCT_BUNDLE_IDENTIFIER = com.junichi.SwiftUITutorialUITests;
				PRODUCT_NAME = "$(TARGET_NAME)";
				SWIFT_EMIT_LOC_STRINGS = NO;
				SWIFT_VERSION = 5.0;
				TARGETED_DEVICE_FAMILY = "1,2";
				TEST_TARGET_NAME = SwiftUITutorial;
			};
			name = Release;
		};
/* End XCBuildConfiguration section */

/* Begin XCConfigurationList section */
		C341DADE2B98019000B6E029 /* Build configuration list for PBXProject "SwiftUITutorial" */ = {
			isa = XCConfigurationList;
			buildConfigurations = (
				C341DB052B98019100B6E029 /* Debug */,
				C341DB062B98019100B6E029 /* Release */,
			);
			defaultConfigurationIsVisible = 0;
			defaultConfigurationName = Release;
		};
		C341DB072B98019100B6E029 /* Build configuration list for PBXNativeTarget "SwiftUITutorial" */ = {
			isa = XCConfigurationList;
			buildConfigurations = (
				C341DB082B98019100B6E029 /* Debug */,
				C341DB092B98019100B6E029 /* Release */,
			);
			defaultConfigurationIsVisible = 0;
			defaultConfigurationName = Release;
		};
		C341DB0A2B98019100B6E029 /* Build configuration list for PBXNativeTarget "SwiftUITutorialTests" */ = {
			isa = XCConfigurationList;
			buildConfigurations = (
				C341DB0B2B98019100B6E029 /* Debug */,
				C341DB0C2B98019100B6E029 /* Release */,
			);
			defaultConfigurationIsVisible = 0;
			defaultConfigurationName = Release;
		};
		C341DB0D2B98019100B6E029 /* Build configuration list for PBXNativeTarget "SwiftUITutorialUITests" */ = {
			isa = XCConfigurationList;
			buildConfigurations = (
				C341DB0E2B98019100B6E029 /* Debug */,
				C341DB0F2B98019100B6E029 /* Release */,
			);
			defaultConfigurationIsVisible = 0;
			defaultConfigurationName = Release;
		};
/* End XCConfigurationList section */
	};
	rootObject = C341DADB2B98019000B6E029 /* Project object */;
}
